
Microsoft Visual Studio Solution File, Format Version 12.00
# Visual Studio Version 17
VisualStudioVersion = 17.2.32526.322
MinimumVisualStudioVersion = 10.0.40219.1
Project("{2150E333-8FDC-42A3-9474-1A3956D46DE8}") = "Application", "Application", "{5BDC8C5E-49DF-46EE-9A6B-45E1E4B0D1BB}"
EndProject
Project("{2150E333-8FDC-42A3-9474-1A3956D46DE8}") = "Tools", "Tools", "{91A54518-DA29-4CAE-8ED0-BB30494AB1BF}"
EndProject
Project("{FAE04EC0-301F-11D3-BF4B-00C04F79EFBC}") = "PracticeWithTypes", "Tools\PracticeWithTypes\PracticeWithTypes.csproj", "{CAA37940-B99E-428A-AF29-0084DBD32B36}"
EndProject
Project("{2150E333-8FDC-42A3-9474-1A3956D46DE8}") = "Domain", "Domain", "{02A63A90-2BD4-4844-AB42-E50AEDEA7973}"
EndProject
Project("{FAE04EC0-301F-11D3-BF4B-00C04F79EFBC}") = "BankSystem.Domain", "Domain\BankSystem.Domain\BankSystem.Domain.csproj", "{3AB52C09-9942-4842-BC49-EA20E03EC6D3}"
EndProject
Project("{2150E333-8FDC-42A3-9474-1A3956D46DE8}") = "Infrastructure", "Infrastructure", "{3A53A7A1-8D31-4AC6-AB54-8A15306641B4}"
EndProject
Project("{FAE04EC0-301F-11D3-BF4B-00C04F79EFBC}") = "BankSystem.App", "Application\BankSystem.App\BankSystem.App.csproj", "{102A73DE-6385-40FE-B7E6-21BF0EA6D4FC}"
EndProject
Project("{FAE04EC0-301F-11D3-BF4B-00C04F79EFBC}") = "PracticeWithCollections", "Tools\PracticeWithCollections\PracticeWithCollections.csproj", "{3E952DFF-764E-4632-A262-C070D2D899B3}"
EndProject
Project("{FAE04EC0-301F-11D3-BF4B-00C04F79EFBC}") = "BankSystem.App.Tests", "Application\BankSystem.App.Tests\BankSystem.App.Tests.csproj", "{335D0343-3667-4AFC-965D-5FF1C6CC57F0}"
EndProject
Project("{FAE04EC0-301F-11D3-BF4B-00C04F79EFBC}") = "BankSystem.Data", "Infrastructure\BankSystem.Data\BankSystem.Data.csproj", "{0B2EC454-B84C-45A2-A686-A37DB0E53996}"
EndProject
Project("{FAE04EC0-301F-11D3-BF4B-00C04F79EFBC}") = "BankSystem.Data.Tests", "Infrastructure\BankSystem.Data.Tests\BankSystem.Data.Tests.csproj", "{B1A7BE10-BE8E-4705-92FC-FC3F3704BC7E}"
EndProject
Project("{FAE04EC0-301F-11D3-BF4B-00C04F79EFBC}") = "ExportTool", "Tools\ExportTool\ExportTool.csproj", "{16CC578B-15ED-4782-ACAE-6FBD757A95E0}"
EndProject
Project("{FAE04EC0-301F-11D3-BF4B-00C04F79EFBC}") = "ExportTool.Tests", "Tools\ExportTool.Tests\ExportTool.Tests.csproj", "{1A0D1A3D-BBDB-476A-9F77-6DA43031CC5A}"
EndProject
Global
	GlobalSection(SolutionConfigurationPlatforms) = preSolution
		Debug|Any CPU = Debug|Any CPU
		Release|Any CPU = Release|Any CPU
	EndGlobalSection
	GlobalSection(ProjectConfigurationPlatforms) = postSolution
		{CAA37940-B99E-428A-AF29-0084DBD32B36}.Debug|Any CPU.ActiveCfg = Debug|Any CPU
		{CAA37940-B99E-428A-AF29-0084DBD32B36}.Debug|Any CPU.Build.0 = Debug|Any CPU
		{CAA37940-B99E-428A-AF29-0084DBD32B36}.Release|Any CPU.ActiveCfg = Release|Any CPU
		{CAA37940-B99E-428A-AF29-0084DBD32B36}.Release|Any CPU.Build.0 = Release|Any CPU
		{3AB52C09-9942-4842-BC49-EA20E03EC6D3}.Debug|Any CPU.ActiveCfg = Debug|Any CPU
		{3AB52C09-9942-4842-BC49-EA20E03EC6D3}.Debug|Any CPU.Build.0 = Debug|Any CPU
		{3AB52C09-9942-4842-BC49-EA20E03EC6D3}.Release|Any CPU.ActiveCfg = Release|Any CPU
		{3AB52C09-9942-4842-BC49-EA20E03EC6D3}.Release|Any CPU.Build.0 = Release|Any CPU
		{102A73DE-6385-40FE-B7E6-21BF0EA6D4FC}.Debug|Any CPU.ActiveCfg = Debug|Any CPU
		{102A73DE-6385-40FE-B7E6-21BF0EA6D4FC}.Debug|Any CPU.Build.0 = Debug|Any CPU
		{102A73DE-6385-40FE-B7E6-21BF0EA6D4FC}.Release|Any CPU.ActiveCfg = Release|Any CPU
		{102A73DE-6385-40FE-B7E6-21BF0EA6D4FC}.Release|Any CPU.Build.0 = Release|Any CPU
		{3E952DFF-764E-4632-A262-C070D2D899B3}.Debug|Any CPU.ActiveCfg = Debug|Any CPU
		{3E952DFF-764E-4632-A262-C070D2D899B3}.Debug|Any CPU.Build.0 = Debug|Any CPU
		{3E952DFF-764E-4632-A262-C070D2D899B3}.Release|Any CPU.ActiveCfg = Release|Any CPU
		{3E952DFF-764E-4632-A262-C070D2D899B3}.Release|Any CPU.Build.0 = Release|Any CPU
		{335D0343-3667-4AFC-965D-5FF1C6CC57F0}.Debug|Any CPU.ActiveCfg = Debug|Any CPU
		{335D0343-3667-4AFC-965D-5FF1C6CC57F0}.Debug|Any CPU.Build.0 = Debug|Any CPU
		{335D0343-3667-4AFC-965D-5FF1C6CC57F0}.Release|Any CPU.ActiveCfg = Release|Any CPU
		{335D0343-3667-4AFC-965D-5FF1C6CC57F0}.Release|Any CPU.Build.0 = Release|Any CPU
		{0B2EC454-B84C-45A2-A686-A37DB0E53996}.Debug|Any CPU.ActiveCfg = Debug|Any CPU
		{0B2EC454-B84C-45A2-A686-A37DB0E53996}.Debug|Any CPU.Build.0 = Debug|Any CPU
		{0B2EC454-B84C-45A2-A686-A37DB0E53996}.Release|Any CPU.ActiveCfg = Release|Any CPU
		{0B2EC454-B84C-45A2-A686-A37DB0E53996}.Release|Any CPU.Build.0 = Release|Any CPU
		{B1A7BE10-BE8E-4705-92FC-FC3F3704BC7E}.Debug|Any CPU.ActiveCfg = Debug|Any CPU
		{B1A7BE10-BE8E-4705-92FC-FC3F3704BC7E}.Debug|Any CPU.Build.0 = Debug|Any CPU
		{B1A7BE10-BE8E-4705-92FC-FC3F3704BC7E}.Release|Any CPU.ActiveCfg = Release|Any CPU
		{B1A7BE10-BE8E-4705-92FC-FC3F3704BC7E}.Release|Any CPU.Build.0 = Release|Any CPU
		{16CC578B-15ED-4782-ACAE-6FBD757A95E0}.Debug|Any CPU.ActiveCfg = Debug|Any CPU
		{16CC578B-15ED-4782-ACAE-6FBD757A95E0}.Debug|Any CPU.Build.0 = Debug|Any CPU
		{16CC578B-15ED-4782-ACAE-6FBD757A95E0}.Release|Any CPU.ActiveCfg = Release|Any CPU
		{16CC578B-15ED-4782-ACAE-6FBD757A95E0}.Release|Any CPU.Build.0 = Release|Any CPU
		{1A0D1A3D-BBDB-476A-9F77-6DA43031CC5A}.Debug|Any CPU.ActiveCfg = Debug|Any CPU
		{1A0D1A3D-BBDB-476A-9F77-6DA43031CC5A}.Debug|Any CPU.Build.0 = Debug|Any CPU
		{1A0D1A3D-BBDB-476A-9F77-6DA43031CC5A}.Release|Any CPU.ActiveCfg = Release|Any CPU
		{1A0D1A3D-BBDB-476A-9F77-6DA43031CC5A}.Release|Any CPU.Build.0 = Release|Any CPU
	EndGlobalSection
	GlobalSection(SolutionProperties) = preSolution
		HideSolutionNode = FALSE
	EndGlobalSection
	GlobalSection(ExtensibilityGlobals) = postSolution
		SolutionGuid = {0097849E-39FC-49C1-B05C-98D472240A58}
	EndGlobalSection
	GlobalSection(NestedProjects) = preSolution
		{CAA37940-B99E-428A-AF29-0084DBD32B36} = {91A54518-DA29-4CAE-8ED0-BB30494AB1BF}
		{3AB52C09-9942-4842-BC49-EA20E03EC6D3} = {02A63A90-2BD4-4844-AB42-E50AEDEA7973}
		{102A73DE-6385-40FE-B7E6-21BF0EA6D4FC} = {5BDC8C5E-49DF-46EE-9A6B-45E1E4B0D1BB}
		{3E952DFF-764E-4632-A262-C070D2D899B3} = {91A54518-DA29-4CAE-8ED0-BB30494AB1BF}
		{335D0343-3667-4AFC-965D-5FF1C6CC57F0} = {5BDC8C5E-49DF-46EE-9A6B-45E1E4B0D1BB}
		{0B2EC454-B84C-45A2-A686-A37DB0E53996} = {3A53A7A1-8D31-4AC6-AB54-8A15306641B4}
		{B1A7BE10-BE8E-4705-92FC-FC3F3704BC7E} = {3A53A7A1-8D31-4AC6-AB54-8A15306641B4}
		{16CC578B-15ED-4782-ACAE-6FBD757A95E0} = {91A54518-DA29-4CAE-8ED0-BB30494AB1BF}
		{1A0D1A3D-BBDB-476A-9F77-6DA43031CC5A} = {91A54518-DA29-4CAE-8ED0-BB30494AB1BF}
	EndGlobalSection
EndGlobal
